# This file is generated by running "yarn install" inside your project.
# Manual changes might be lost - proceed with caution!

__metadata:
  version: 8
  cacheKey: 10c0

"@adraffy/ens-normalize@npm:1.10.1":
  version: 1.10.1
  resolution: "@adraffy/ens-normalize@npm:1.10.1"
  checksum: 10c0/fdd647604e8fac6204921888aaf5a6bc65eabf0d2921bc5f93b64d01f4bc33ead167c1445f7de05468d05cd92ac31b74c68d2be840c62b79d73693308f885c06
  languageName: node
  linkType: hard

"@noble/curves@npm:1.2.0":
  version: 1.2.0
  resolution: "@noble/curves@npm:1.2.0"
  dependencies:
    "@noble/hashes": "npm:1.3.2"
  checksum: 10c0/0bac7d1bbfb3c2286910b02598addd33243cb97c3f36f987ecc927a4be8d7d88e0fcb12b0f0ef8a044e7307d1844dd5c49bb724bfa0a79c8ec50ba60768c97f6
  languageName: node
  linkType: hard

"@noble/hashes@npm:1.3.2":
  version: 1.3.2
  resolution: "@noble/hashes@npm:1.3.2"
  checksum: 10c0/2482cce3bce6a596626f94ca296e21378e7a5d4c09597cbc46e65ffacc3d64c8df73111f2265444e36a3168208628258bbbaccba2ef24f65f58b2417638a20e7
  languageName: node
  linkType: hard

"@types/node@npm:22.7.5":
  version: 22.7.5
  resolution: "@types/node@npm:22.7.5"
  dependencies:
    undici-types: "npm:~6.19.2"
  checksum: 10c0/cf11f74f1a26053ec58066616e3a8685b6bcd7259bc569738b8f752009f9f0f7f85a1b2d24908e5b0f752482d1e8b6babdf1fbb25758711ec7bb9500bfcd6e60
  languageName: node
  linkType: hard

"aes-js@npm:4.0.0-beta.5":
  version: 4.0.0-beta.5
  resolution: "aes-js@npm:4.0.0-beta.5"
  checksum: 10c0/444f4eefa1e602cbc4f2a3c644bc990f93fd982b148425fee17634da510586fc09da940dcf8ace1b2d001453c07ff042e55f7a0482b3cc9372bf1ef75479090c
  languageName: node
  linkType: hard

"balanced-match@npm:^1.0.0":
  version: 1.0.2
  resolution: "balanced-match@npm:1.0.2"
  checksum: 10c0/9308baf0a7e4838a82bbfd11e01b1cb0f0cf2893bc1676c27c2a8c0e70cbae1c59120c3268517a8ae7fb6376b4639ef81ca22582611dbee4ed28df945134aaee
  languageName: node
  linkType: hard

"brace-expansion@npm:^1.1.7":
  version: 1.1.12
  resolution: "brace-expansion@npm:1.1.12"
  dependencies:
    balanced-match: "npm:^1.0.0"
    concat-map: "npm:0.0.1"
  checksum: 10c0/975fecac2bb7758c062c20d0b3b6288c7cc895219ee25f0a64a9de662dbac981ff0b6e89909c3897c1f84fa353113a721923afdec5f8b2350255b097f12b1f73
  languageName: node
  linkType: hard

"command-exists@npm:^1.2.8":
  version: 1.2.9
  resolution: "command-exists@npm:1.2.9"
  checksum: 10c0/75040240062de46cd6cd43e6b3032a8b0494525c89d3962e280dde665103f8cc304a8b313a5aa541b91da2f5a9af75c5959dc3a77893a2726407a5e9a0234c16
  languageName: node
  linkType: hard

"commander@npm:3.0.2":
  version: 3.0.2
  resolution: "commander@npm:3.0.2"
  checksum: 10c0/8a279b4bacde68f03664086260ccb623122d2bdae6f380a41c9e06b646e830372c30a4b88261238550e0ad69d53f7af8883cb705d8237fdd22947e84913b149c
  languageName: node
  linkType: hard

"concat-map@npm:0.0.1":
  version: 0.0.1
  resolution: "concat-map@npm:0.0.1"
  checksum: 10c0/c996b1cfdf95b6c90fee4dae37e332c8b6eb7d106430c17d538034c0ad9a1630cb194d2ab37293b1bdd4d779494beee7786d586a50bd9376fd6f7bcc2bd4c98f
  languageName: node
  linkType: hard

"ether-simple-storage@workspace:.":
  version: 0.0.0-use.local
  resolution: "ether-simple-storage@workspace:."
  dependencies:
    ethers: "npm:^6.16.0"
    fs-extra: "npm:^11.3.3"
    solc: "npm:0.8.7-fixed"
  languageName: unknown
  linkType: soft

"ethers@npm:^6.16.0":
  version: 6.16.0
  resolution: "ethers@npm:6.16.0"
  dependencies:
    "@adraffy/ens-normalize": "npm:1.10.1"
    "@noble/curves": "npm:1.2.0"
    "@noble/hashes": "npm:1.3.2"
    "@types/node": "npm:22.7.5"
    aes-js: "npm:4.0.0-beta.5"
    tslib: "npm:2.7.0"
    ws: "npm:8.17.1"
  checksum: 10c0/65c0ff7016b1592b1961c3b68508902b89fc75e1ad025bab3a722df1b5699fd077551875a7285e65b2d0cfea9a85b2459bb84010a0fa4e4494d231848aee3a73
  languageName: node
  linkType: hard

"follow-redirects@npm:^1.12.1":
  version: 1.15.11
  resolution: "follow-redirects@npm:1.15.11"
  peerDependenciesMeta:
    debug:
      optional: true
  checksum: 10c0/d301f430542520a54058d4aeeb453233c564aaccac835d29d15e050beb33f339ad67d9bddbce01739c5dc46a6716dbe3d9d0d5134b1ca203effa11a7ef092343
  languageName: node
  linkType: hard

"fs-extra@npm:^0.30.0":
  version: 0.30.0
  resolution: "fs-extra@npm:0.30.0"
  dependencies:
    graceful-fs: "npm:^4.1.2"
    jsonfile: "npm:^2.1.0"
    klaw: "npm:^1.0.0"
    path-is-absolute: "npm:^1.0.0"
    rimraf: "npm:^2.2.8"
  checksum: 10c0/24f3c966018c7bf436bf38ca3a126f1d95bf0f82598302195c4f0c8887767f045dae308f92c53a39cead74631dabbc30fcf1c71dbe96f1f0148f6de8edd114bc
  languageName: node
  linkType: hard

"fs-extra@npm:^11.3.3":
  version: 11.3.3
  resolution: "fs-extra@npm:11.3.3"
  dependencies:
    graceful-fs: "npm:^4.2.0"
    jsonfile: "npm:^6.0.1"
    universalify: "npm:^2.0.0"
  checksum: 10c0/984924ff4104e3e9f351b658a864bf3b354b2c90429f57aec0acd12d92c4e6b762cbacacdffb4e745b280adce882e1f980c485d9f02c453f769ab4e7fc646ce3
  languageName: node
  linkType: hard

"fs.realpath@npm:^1.0.0":
  version: 1.0.0
  resolution: "fs.realpath@npm:1.0.0"
  checksum: 10c0/444cf1291d997165dfd4c0d58b69f0e4782bfd9149fd72faa4fe299e68e0e93d6db941660b37dd29153bf7186672ececa3b50b7e7249477b03fdf850f287c948
  languageName: node
  linkType: hard

"glob@npm:^7.1.3":
  version: 7.2.3
  resolution: "glob@npm:7.2.3"
  dependencies:
    fs.realpath: "npm:^1.0.0"
    inflight: "npm:^1.0.4"
    inherits: "npm:2"
    minimatch: "npm:^3.1.1"
    once: "npm:^1.3.0"
    path-is-absolute: "npm:^1.0.0"
  checksum: 10c0/65676153e2b0c9095100fe7f25a778bf45608eeb32c6048cf307f579649bcc30353277b3b898a3792602c65764e5baa4f643714dfbdfd64ea271d210c7a425fe
  languageName: node
  linkType: hard

"graceful-fs@npm:^4.1.2, graceful-fs@npm:^4.1.6, graceful-fs@npm:^4.1.9, graceful-fs@npm:^4.2.0":
  version: 4.2.11
  resolution: "graceful-fs@npm:4.2.11"
  checksum: 10c0/386d011a553e02bc594ac2ca0bd6d9e4c22d7fa8cfbfc448a6d148c59ea881b092db9dbe3547ae4b88e55f1b01f7c4a2ecc53b310c042793e63aa44cf6c257f2
  languageName: node
  linkType: hard

"inflight@npm:^1.0.4":
  version: 1.0.6
  resolution: "inflight@npm:1.0.6"
  dependencies:
    once: "npm:^1.3.0"
    wrappy: "npm:1"
  checksum: 10c0/7faca22584600a9dc5b9fca2cd5feb7135ac8c935449837b315676b4c90aa4f391ec4f42240178244b5a34e8bede1948627fda392ca3191522fc46b34e985ab2
  languageName: node
  linkType: hard

"inherits@npm:2":
  version: 2.0.4
  resolution: "inherits@npm:2.0.4"
  checksum: 10c0/4e531f648b29039fb7426fb94075e6545faa1eb9fe83c29f0b6d9e7263aceb4289d2d4557db0d428188eeb449cc7c5e77b0a0b2c4e248ff2a65933a0dee49ef2
  languageName: node
  linkType: hard

"js-sha3@npm:0.8.0":
  version: 0.8.0
  resolution: "js-sha3@npm:0.8.0"
  checksum: 10c0/43a21dc7967c871bd2c46cb1c2ae97441a97169f324e509f382d43330d8f75cf2c96dba7c806ab08a425765a9c847efdd4bffbac2d99c3a4f3de6c0218f40533
  languageName: node
  linkType: hard

"jsonfile@npm:^2.1.0":
  version: 2.4.0
  resolution: "jsonfile@npm:2.4.0"
  dependencies:
    graceful-fs: "npm:^4.1.6"
  dependenciesMeta:
    graceful-fs:
      optional: true
  checksum: 10c0/02ad746d9490686519b3369bc9572694076eb982e1b4982c5ad9b91bc3c0ad30d10c866bb26b7a87f0c4025a80222cd2962cb57083b5a6a475a9031eab8c8962
  languageName: node
  linkType: hard

"jsonfile@npm:^6.0.1":
  version: 6.2.0
  resolution: "jsonfile@npm:6.2.0"
  dependencies:
    graceful-fs: "npm:^4.1.6"
    universalify: "npm:^2.0.0"
  dependenciesMeta:
    graceful-fs:
      optional: true
  checksum: 10c0/7f4f43b08d1869ded8a6822213d13ae3b99d651151d77efd1557ced0889c466296a7d9684e397bd126acf5eb2cfcb605808c3e681d0fdccd2fe5a04b47e76c0d
  languageName: node
  linkType: hard

"klaw@npm:^1.0.0":
  version: 1.3.1
  resolution: "klaw@npm:1.3.1"
  dependencies:
    graceful-fs: "npm:^4.1.9"
  dependenciesMeta:
    graceful-fs:
      optional: true
  checksum: 10c0/da994768b02b3843cc994c99bad3cf1c8c67716beb4dd2834133c919e9e9ee788669fbe27d88ab0ad9a3991349c28280afccbde01c2318229b662dd7a05e4728
  languageName: node
  linkType: hard

"memorystream@npm:^0.3.1":
  version: 0.3.1
  resolution: "memorystream@npm:0.3.1"
  checksum: 10c0/4bd164657711d9747ff5edb0508b2944414da3464b7fe21ac5c67cf35bba975c4b446a0124bd0f9a8be54cfc18faf92e92bd77563a20328b1ccf2ff04e9f39b9
  languageName: node
  linkType: hard

"minimatch@npm:^3.1.1":
  version: 3.1.2
  resolution: "minimatch@npm:3.1.2"
  dependencies:
    brace-expansion: "npm:^1.1.7"
  checksum: 10c0/0262810a8fc2e72cca45d6fd86bd349eee435eb95ac6aa45c9ea2180e7ee875ef44c32b55b5973ceabe95ea12682f6e3725cbb63d7a2d1da3ae1163c8b210311
  languageName: node
  linkType: hard

"once@npm:^1.3.0":
  version: 1.4.0
  resolution: "once@npm:1.4.0"
  dependencies:
    wrappy: "npm:1"
  checksum: 10c0/5d48aca287dfefabd756621c5dfce5c91a549a93e9fdb7b8246bc4c4790aa2ec17b34a260530474635147aeb631a2dcc8b32c613df0675f96041cbb8244517d0
  languageName: node
  linkType: hard

"os-tmpdir@npm:~1.0.2":
  version: 1.0.2
  resolution: "os-tmpdir@npm:1.0.2"
  checksum: 10c0/f438450224f8e2687605a8dd318f0db694b6293c5d835ae509a69e97c8de38b6994645337e5577f5001115470414638978cc49da1cdcc25106dad8738dc69990
  languageName: node
  linkType: hard

"path-is-absolute@npm:^1.0.0":
  version: 1.0.1
  resolution: "path-is-absolute@npm:1.0.1"
  checksum: 10c0/127da03c82172a2a50099cddbf02510c1791fc2cc5f7713ddb613a56838db1e8168b121a920079d052e0936c23005562059756d653b7c544c53185efe53be078
  languageName: node
  linkType: hard

"require-from-string@npm:^2.0.0":
  version: 2.0.2
  resolution: "require-from-string@npm:2.0.2"
  checksum: 10c0/aaa267e0c5b022fc5fd4eef49d8285086b15f2a1c54b28240fdf03599cbd9c26049fee3eab894f2e1f6ca65e513b030a7c264201e3f005601e80c49fb2937ce2
  languageName: node
  linkType: hard

"rimraf@npm:^2.2.8":
  version: 2.7.1
  resolution: "rimraf@npm:2.7.1"
  dependencies:
    glob: "npm:^7.1.3"
  bin:
    rimraf: ./bin.js
  checksum: 10c0/4eef73d406c6940927479a3a9dee551e14a54faf54b31ef861250ac815172bade86cc6f7d64a4dc5e98b65e4b18a2e1c9ff3b68d296be0c748413f092bb0dd40
  languageName: node
  linkType: hard

"semver@npm:^5.5.0":
  version: 5.7.2
  resolution: "semver@npm:5.7.2"
  bin:
    semver: bin/semver
  checksum: 10c0/e4cf10f86f168db772ae95d86ba65b3fd6c5967c94d97c708ccb463b778c2ee53b914cd7167620950fc07faf5a564e6efe903836639e512a1aa15fbc9667fa25
  languageName: node
  linkType: hard

"solc@npm:0.8.7-fixed":
  version: 0.8.7-fixed
  resolution: "solc@npm:0.8.7-fixed"
  dependencies:
    command-exists: "npm:^1.2.8"
    commander: "npm:3.0.2"
    follow-redirects: "npm:^1.12.1"
    fs-extra: "npm:^0.30.0"
    js-sha3: "npm:0.8.0"
    memorystream: "npm:^0.3.1"
    require-from-string: "npm:^2.0.0"
    semver: "npm:^5.5.0"
    tmp: "npm:0.0.33"
  bin:
    solcjs: solcjs
  checksum: 10c0/dd24ddecf55e2b3face28fe59afe12957cb54f63ba2573311912e464c922ef60a929603e580265d6e098fae0799a71497e62c3dedf40ba06697f172e1ae5665e
  languageName: node
  linkType: hard

"tmp@npm:0.0.33":
  version: 0.0.33
  resolution: "tmp@npm:0.0.33"
  dependencies:
    os-tmpdir: "npm:~1.0.2"
  checksum: 10c0/69863947b8c29cabad43fe0ce65cec5bb4b481d15d4b4b21e036b060b3edbf3bc7a5541de1bacb437bb3f7c4538f669752627fdf9b4aaf034cebd172ba373408
  languageName: node
  linkType: hard

"tslib@npm:2.7.0":
  version: 2.7.0
  resolution: "tslib@npm:2.7.0"
  checksum: 10c0/469e1d5bf1af585742128827000711efa61010b699cb040ab1800bcd3ccdd37f63ec30642c9e07c4439c1db6e46345582614275daca3e0f4abae29b0083f04a6
  languageName: node
  linkType: hard

"undici-types@npm:~6.19.2":
  version: 6.19.8
  resolution: "undici-types@npm:6.19.8"
  checksum: 10c0/078afa5990fba110f6824823ace86073b4638f1d5112ee26e790155f481f2a868cc3e0615505b6f4282bdf74a3d8caad715fd809e870c2bb0704e3ea6082f344
  languageName: node
  linkType: hard

"universalify@npm:^2.0.0":
  version: 2.0.1
  resolution: "universalify@npm:2.0.1"
  checksum: 10c0/73e8ee3809041ca8b818efb141801a1004e3fc0002727f1531f4de613ea281b494a40909596dae4a042a4fb6cd385af5d4db2e137b1362e0e91384b828effd3a
  languageName: node
  linkType: hard

"wrappy@npm:1":
  version: 1.0.2
  resolution: "wrappy@npm:1.0.2"
  checksum: 10c0/56fece1a4018c6a6c8e28fbc88c87e0fbf4ea8fd64fc6c63b18f4acc4bd13e0ad2515189786dd2c30d3eec9663d70f4ecf699330002f8ccb547e4a18231fc9f0
  languageName: node
  linkType: hard

"ws@npm:8.17.1":
  version: 8.17.1
  resolution: "ws@npm:8.17.1"
  peerDependencies:
    bufferutil: ^4.0.1
    utf-8-validate: ">=5.0.2"
  peerDependenciesMeta:
    bufferutil:
      optional: true
    utf-8-validate:
      optional: true
  checksum: 10c0/f4a49064afae4500be772abdc2211c8518f39e1c959640457dcee15d4488628620625c783902a52af2dd02f68558da2868fd06e6fd0e67ebcd09e6881b1b5bfe
  languageName: node
  linkType: hard
